
Microsoft Visual Studio Solution File, Format Version 12.00
# Visual Studio 14
VisualStudioVersion = 14.0.25123.0
MinimumVisualStudioVersion = 10.0.40219.1
Project("{FAE04EC0-301F-11D3-BF4B-00C04F79EFBC}") = "Phonebook.Core", "Phonebook.Core\Phonebook.Core.csproj", "{3677498C-96AA-4D11-9BFA-FA98FEEC1DF9}"
EndProject
Project("{FAE04EC0-301F-11D3-BF4B-00C04F79EFBC}") = "Phonebook.Website", "Phonebook.Website\Phonebook.Website.csproj", "{2B1441A6-DD8D-4541-B637-3F9AA9DD0EA3}"
EndProject
Global
	GlobalSection(SolutionConfigurationPlatforms) = preSolution
		Debug|Any CPU = Debug|Any CPU
		Release|Any CPU = Release|Any CPU
	EndGlobalSection
	GlobalSection(ProjectConfigurationPlatforms) = postSolution
		{3677498C-96AA-4D11-9BFA-FA98FEEC1DF9}.Debug|Any CPU.ActiveCfg = Debug|Any CPU
		{3677498C-96AA-4D11-9BFA-FA98FEEC1DF9}.Debug|Any CPU.Build.0 = Debug|Any CPU
		{3677498C-96AA-4D11-9BFA-FA98FEEC1DF9}.Release|Any CPU.ActiveCfg = Release|Any CPU
		{3677498C-96AA-4D11-9BFA-FA98FEEC1DF9}.Release|Any CPU.Build.0 = Release|Any CPU
		{2B1441A6-DD8D-4541-B637-3F9AA9DD0EA3}.Debug|Any CPU.ActiveCfg = Debug|Any CPU
		{2B1441A6-DD8D-4541-B637-3F9AA9DD0EA3}.Debug|Any CPU.Build.0 = Debug|Any CPU
		{2B1441A6-DD8D-4541-B637-3F9AA9DD0EA3}.Release|Any CPU.ActiveCfg = Release|Any CPU
		{2B1441A6-DD8D-4541-B637-3F9AA9DD0EA3}.Release|Any CPU.Build.0 = Release|Any CPU
	EndGlobalSection
	GlobalSection(SolutionProperties) = preSolution
		HideSolutionNode = FALSE
	EndGlobalSection
EndGlobal
